// !$*UTF8*$!
{
	archiveVersion = 1;
	classes = {
	};
	objectVersion = 46;
	objects = {

/* Begin PBXBuildFile section */
		6442AC75DA76513A76C55EE9 /* Pods_DLImageLoader_Demo.framework in Frameworks */ = {isa = PBXBuildFile; fileRef = AB44F7834C9524BF1B9BD574 /* Pods_DLImageLoader_Demo.framework */; };
		D80956581BA8B5D600DED40C /* AppDelegate.swift in Sources */ = {isa = PBXBuildFile; fileRef = D80956571BA8B5D600DED40C /* AppDelegate.swift */; };
		D809565A1BA8B5D600DED40C /* ViewController.swift in Sources */ = {isa = PBXBuildFile; fileRef = D80956591BA8B5D600DED40C /* ViewController.swift */; };
		D809565D1BA8B5D600DED40C /* Main.storyboard in Resources */ = {isa = PBXBuildFile; fileRef = D809565B1BA8B5D600DED40C /* Main.storyboard */; };
		D809565F1BA8B5D600DED40C /* Assets.xcassets in Resources */ = {isa = PBXBuildFile; fileRef = D809565E1BA8B5D600DED40C /* Assets.xcassets */; };
		D80956621BA8B5D600DED40C /* LaunchScreen.storyboard in Resources */ = {isa = PBXBuildFile; fileRef = D80956601BA8B5D600DED40C /* LaunchScreen.storyboard */; };
/* End PBXBuildFile section */

/* Begin PBXFileReference section */
		4D5427782EFA3F84EE724F14 /* Pods-DLImageLoader Demo.debug.xcconfig */ = {isa = PBXFileReference; includeInIndex = 1; lastKnownFileType = text.xcconfig; name = "Pods-DLImageLoader Demo.debug.xcconfig"; path = "Target Support Files/Pods-DLImageLoader Demo/Pods-DLImageLoader Demo.debug.xcconfig"; sourceTree = "<group>"; };
		8ED65C44CF557CC30A58018C /* Pods-DLImageLoader Demo.release.xcconfig */ = {isa = PBXFileReference; includeInIndex = 1; lastKnownFileType = text.xcconfig; name = "Pods-DLImageLoader Demo.release.xcconfig"; path = "Target Support Files/Pods-DLImageLoader Demo/Pods-DLImageLoader Demo.release.xcconfig"; sourceTree = "<group>"; };
		AB44F7834C9524BF1B9BD574 /* Pods_DLImageLoader_Demo.framework */ = {isa = PBXFileReference; explicitFileType = wrapper.framework; includeInIndex = 0; path = Pods_DLImageLoader_Demo.framework; sourceTree = BUILT_PRODUCTS_DIR; };
		D80956541BA8B5D600DED40C /* DLImageLoader Demo.app */ = {isa = PBXFileReference; explicitFileType = wrapper.application; includeInIndex = 0; path = "DLImageLoader Demo.app"; sourceTree = BUILT_PRODUCTS_DIR; };
		D80956571BA8B5D600DED40C /* AppDelegate.swift */ = {isa = PBXFileReference; lastKnownFileType = sourcecode.swift; path = AppDelegate.swift; sourceTree = "<group>"; };
		D80956591BA8B5D600DED40C /* ViewController.swift */ = {isa = PBXFileReference; lastKnownFileType = sourcecode.swift; path = ViewController.swift; sourceTree = "<group>"; };
		D809565C1BA8B5D600DED40C /* Base */ = {isa = PBXFileReference; lastKnownFileType = file.storyboard; name = Base; path = Base.lproj/Main.storyboard; sourceTree = "<group>"; };
		D809565E1BA8B5D600DED40C /* Assets.xcassets */ = {isa = PBXFileReference; lastKnownFileType = folder.assetcatalog; path = Assets.xcassets; sourceTree = "<group>"; };
		D80956611BA8B5D600DED40C /* Base */ = {isa = PBXFileReference; lastKnownFileType = file.storyboard; name = Base; path = Base.lproj/LaunchScreen.storyboard; sourceTree = "<group>"; };
		D80956631BA8B5D600DED40C /* Info.plist */ = {isa = PBXFileReference; lastKnownFileType = text.plist.xml; path = Info.plist; sourceTree = "<group>"; };
/* End PBXFileReference section */

/* Begin PBXFrameworksBuildPhase section */
		D80956511BA8B5D600DED40C /* Frameworks */ = {
			isa = PBXFrameworksBuildPhase;
			buildActionMask = 2147483647;
			files = (
				6442AC75DA76513A76C55EE9 /* Pods_DLImageLoader_Demo.framework in Frameworks */,
			);
			runOnlyForDeploymentPostprocessing = 0;
		};
/* End PBXFrameworksBuildPhase section */

/* Begin PBXGroup section */
		571CA4DC93AFAC8E2499C2EB /* Pods */ = {
			isa = PBXGroup;
			children = (
				4D5427782EFA3F84EE724F14 /* Pods-DLImageLoader Demo.debug.xcconfig */,
				8ED65C44CF557CC30A58018C /* Pods-DLImageLoader Demo.release.xcconfig */,
			);
			path = Pods;
			sourceTree = "<group>";
		};
		7BC0D983089451F8A59FF78E /* Frameworks */ = {
			isa = PBXGroup;
			children = (
				AB44F7834C9524BF1B9BD574 /* Pods_DLImageLoader_Demo.framework */,
			);
			name = Frameworks;
			sourceTree = "<group>";
		};
		D809564B1BA8B5D600DED40C = {
			isa = PBXGroup;
			children = (
				D80956561BA8B5D600DED40C /* DLImageLoader Demo */,
				D80956551BA8B5D600DED40C /* Products */,
				571CA4DC93AFAC8E2499C2EB /* Pods */,
				7BC0D983089451F8A59FF78E /* Frameworks */,
			);
			sourceTree = "<group>";
		};
		D80956551BA8B5D600DED40C /* Products */ = {
			isa = PBXGroup;
			children = (
				D80956541BA8B5D600DED40C /* DLImageLoader Demo.app */,
			);
			name = Products;
			sourceTree = "<group>";
		};
		D80956561BA8B5D600DED40C /* DLImageLoader Demo */ = {
			isa = PBXGroup;
			children = (
				D80956571BA8B5D600DED40C /* AppDelegate.swift */,
				D80956591BA8B5D600DED40C /* ViewController.swift */,
				D809565B1BA8B5D600DED40C /* Main.storyboard */,
				D809565E1BA8B5D600DED40C /* Assets.xcassets */,
				D80956601BA8B5D600DED40C /* LaunchScreen.storyboard */,
				D80956631BA8B5D600DED40C /* Info.plist */,
			);
			path = "DLImageLoader Demo";
			sourceTree = "<group>";
		};
/* End PBXGroup section */

/* Begin PBXNativeTarget section */
		D80956531BA8B5D600DED40C /* DLImageLoader Demo */ = {
			isa = PBXNativeTarget;
			buildConfigurationList = D80956661BA8B5D600DED40C /* Build configuration list for PBXNativeTarget "DLImageLoader Demo" */;
			buildPhases = (
				F6E8C9F46511A26B29392D53 /* [CP] Check Pods Manifest.lock */,
				D80956501BA8B5D600DED40C /* Sources */,
				D80956511BA8B5D600DED40C /* Frameworks */,
				D80956521BA8B5D600DED40C /* Resources */,
				900F8B406591584548760626 /* [CP] Embed Pods Frameworks */,
			);
			buildRules = (
			);
			dependencies = (
			);
			name = "DLImageLoader Demo";
			productName = "DLImageLoader Demo";
			productReference = D80956541BA8B5D600DED40C /* DLImageLoader Demo.app */;
			productType = "com.apple.product-type.application";
		};
/* End PBXNativeTarget section */

/* Begin PBXProject section */
		D809564C1BA8B5D600DED40C /* Project object */ = {
			isa = PBXProject;
			attributes = {
				LastUpgradeCheck = 1020;
				ORGANIZATIONNAME = "Andrew Lunevich";
				TargetAttributes = {
					D80956531BA8B5D600DED40C = {
						CreatedOnToolsVersion = 7.1;
						LastSwiftMigration = 1020;
					};
				};
			};
			buildConfigurationList = D809564F1BA8B5D600DED40C /* Build configuration list for PBXProject "DLImageLoader Demo" */;
			compatibilityVersion = "Xcode 3.2";
			developmentRegion = en;
			hasScannedForEncodings = 0;
			knownRegions = (
				en,
				Base,
			);
			mainGroup = D809564B1BA8B5D600DED40C;
			productRefGroup = D80956551BA8B5D600DED40C /* Products */;
			projectDirPath = "";
			projectRoot = "";
			targets = (
				D80956531BA8B5D600DED40C /* DLImageLoader Demo */,
			);
		};
/* End PBXProject section */

/* Begin PBXResourcesBuildPhase section */
		D80956521BA8B5D600DED40C /* Resources */ = {
			isa = PBXResourcesBuildPhase;
			buildActionMask = 2147483647;
			files = (
				D80956621BA8B5D600DED40C /* LaunchScreen.storyboard in Resources */,
				D809565F1BA8B5D600DED40C /* Assets.xcassets in Resources */,
				D809565D1BA8B5D600DED40C /* Main.storyboard in Resources */,
			);
			runOnlyForDeploymentPostprocessing = 0;
		};
/* End PBXResourcesBuildPhase section */

/* Begin PBXShellScriptBuildPhase section */
		900F8B406591584548760626 /* [CP] Embed Pods Frameworks */ = {
			isa = PBXShellScriptBuildPhase;
			buildActionMask = 2147483647;
			files = (
			);
			inputFileListPaths = (
			);
			inputPaths = (
				"${PODS_ROOT}/Target Support Files/Pods-DLImageLoader Demo/Pods-DLImageLoader Demo-frameworks.sh",
				"${BUILT_PRODUCTS_DIR}/DLImageLoader/DLImageLoader.framework",
			);
			name = "[CP] Embed Pods Frameworks";
			outputFileListPaths = (
			);
			outputPaths = (
				"${TARGET_BUILD_DIR}/${FRAMEWORKS_FOLDER_PATH}/DLImageLoader.framework",
			);
			runOnlyForDeploymentPostprocessing = 0;
			shellPath = /bin/sh;
			shellScript = "\"${PODS_ROOT}/Target Support Files/Pods-DLImageLoader Demo/Pods-DLImageLoader Demo-frameworks.sh\"\n";
			showEnvVarsInLog = 0;
		};
		F6E8C9F46511A26B29392D53 /* [CP] Check Pods Manifest.lock */ = {
			isa = PBXShellScriptBuildPhase;
			buildActionMask = 2147483647;
			files = (
			);
			inputFileListPaths = (
			);
			inputPaths = (
				"${PODS_PODFILE_DIR_PATH}/Podfile.lock",
				"${PODS_ROOT}/Manifest.lock",
			);
			name = "[CP] Check Pods Manifest.lock";
			outputFileListPaths = (
			);
			outputPaths = (
				"$(DERIVED_FILE_DIR)/Pods-DLImageLoader Demo-checkManifestLockResult.txt",
			);
			runOnlyForDeploymentPostprocessing = 0;
			shellPath = /bin/sh;
			shellScript = "diff \"${PODS_PODFILE_DIR_PATH}/Podfile.lock\" \"${PODS_ROOT}/Manifest.lock\" > /dev/null\nif [ $? != 0 ] ; then\n    # print error to STDERR\n    echo \"error: The sandbox is not in sync with the Podfile.lock. Run 'pod install' or update your CocoaPods installation.\" >&2\n    exit 1\nfi\n# This output is used by Xcode 'outputs' to avoid re-running this script phase.\necho \"SUCCESS\" > \"${SCRIPT_OUTPUT_FILE_0}\"\n";
			showEnvVarsInLog = 0;
		};
/* End PBXShellScriptBuildPhase section */

/* Begin PBXSourcesBuildPhase section */
		D80956501BA8B5D600DED40C /* Sources */ = {
			isa = PBXSourcesBuildPhase;
			buildActionMask = 2147483647;
			files = (
				D809565A1BA8B5D600DED40C /* ViewController.swift in Sources */,
				D80956581BA8B5D600DED40C /* AppDelegate.swift in Sources */,
			);
			runOnlyForDeploymentPostprocessing = 0;
		};
/* End PBXSourcesBuildPhase section */

/* Begin PBXVariantGroup section */
		D809565B1BA8B5D600DED40C /* Main.storyboard */ = {
			isa = PBXVariantGroup;
			children = (
				D809565C1BA8B5D600DED40C /* Base */,
			);
			name = Main.storyboard;
			sourceTree = "<group>";
		};
		D80956601BA8B5D600DED40C /* LaunchScreen.storyboard */ = {
			isa = PBXVariantGroup;
			children = (
				D80956611BA8B5D600DED40C /* Base */,
			);
			name = LaunchScreen.storyboard;
			sourceTree = "<group>";
		};
/* End PBXVariantGroup section */

/* Begin XCBuildConfiguration section */
		D80956641BA8B5D600DED40C /* Debug */ = {
			isa = XCBuildConfiguration;
			buildSettings = {
				ALWAYS_SEARCH_USER_PATHS = NO;
				CLANG_ANALYZER_LOCALIZABILITY_NONLOCALIZED = YES;
				CLANG_CXX_LANGUAGE_STANDARD = "gnu++0x";
				CLANG_CXX_LIBRARY = "libc++";
				CLANG_ENABLE_MODULES = YES;
				CLANG_ENABLE_OBJC_ARC = YES;
				CLANG_WARN_BLOCK_CAPTURE_AUTORELEASING = YES;
				CLANG_WARN_BOOL_CONVERSION = YES;
				CLANG_WARN_COMMA = YES;
				CLANG_WARN_CONSTANT_CONVERSION = YES;
				CLANG_WARN_DEPRECATED_OBJC_IMPLEMENTATIONS = YES;
				CLANG_WARN_DIRECT_OBJC_ISA_USAGE = YES_ERROR;
				CLANG_WARN_EMPTY_BODY = YES;
				CLANG_WARN_ENUM_CONVERSION = YES;
				CLANG_WARN_INFINITE_RECURSION = YES;
				CLANG_WARN_INT_CONVERSION = YES;
				CLANG_WARN_NON_LITERAL_NULL_CONVERSION = YES;
				CLANG_WARN_OBJC_IMPLICIT_RETAIN_SELF = YES;
				CLANG_WARN_OBJC_LITERAL_CONVERSION = YES;
				CLANG_WARN_OBJC_ROOT_CLASS = YES_ERROR;
				CLANG_WARN_RANGE_LOOP_ANALYSIS = YES;
				CLANG_WARN_STRICT_PROTOTYPES = YES;
				CLANG_WARN_SUSPICIOUS_MOVE = YES;
				CLANG_WARN_UNREACHABLE_CODE = YES;
				CLANG_WARN__DUPLICATE_METHOD_MATCH = YES;
				"CODE_SIGN_IDENTITY[sdk=iphoneos*]" = "iPhone Developer";
				COPY_PHASE_STRIP = NO;
				DEBUG_INFORMATION_FORMAT = dwarf;
				ENABLE_STRICT_OBJC_MSGSEND = YES;
				ENABLE_TESTABILITY = YES;
				GCC_C_LANGUAGE_STANDARD = gnu99;
				GCC_DYNAMIC_NO_PIC = NO;
				GCC_NO_COMMON_BLOCKS = YES;
				GCC_OPTIMIZATION_LEVEL = 0;
				GCC_PREPROCESSOR_DEFINITIONS = (
					"DEBUG=1",
					"$(inherited)",
				);
				GCC_WARN_64_TO_32_BIT_CONVERSION = YES;
				GCC_WARN_ABOUT_RETURN_TYPE = YES_ERROR;
				GCC_WARN_UNDECLARED_SELECTOR = YES;
				GCC_WARN_UNINITIALIZED_AUTOS = YES_AGGRESSIVE;
				GCC_WARN_UNUSED_FUNCTION = YES;
				GCC_WARN_UNUSED_VARIABLE = YES;
				IPHONEOS_DEPLOYMENT_TARGET = 9.0;
				MTL_ENABLE_DEBUG_INFO = YES;
				ONLY_ACTIVE_ARCH = YES;
				SDKROOT = iphoneos;
				SWIFT_OPTIMIZATION_LEVEL = "-Onone";
				SWIFT_VERSION = 4.0;
				TARGETED_DEVICE_FAMILY = "1,2";
			};
			name = Debug;
		};
		D80956651BA8B5D600DED40C /* Release */ = {
			isa = XCBuildConfiguration;
			buildSettings = {
				ALWAYS_SEARCH_USER_PATHS = NO;
				CLANG_ANALYZER_LOCALIZABILITY_NONLOCALIZED = YES;
				CLANG_CXX_LANGUAGE_STANDARD = "gnu++0x";
				CLANG_CXX_LIBRARY = "libc++";
				CLANG_ENABLE_MODULES = YES;
				CLANG_ENABLE_OBJC_ARC = YES;
				CLANG_WARN_BLOCK_CAPTURE_AUTORELEASING = YES;
				CLANG_WARN_BOOL_CONVERSION = YES;
				CLANG_WARN_COMMA = YES;
				CLANG_WARN_CONSTANT_CONVERSION = YES;
				CLANG_WARN_DEPRECATED_OBJC_IMPLEMENTATIONS = YES;
				CLANG_WARN_DIRECT_OBJC_ISA_USAGE = YES_ERROR;
				CLANG_WARN_EMPTY_BODY = YES;
				CLANG_WARN_ENUM_CONVERSION = YES;
				CLANG_WARN_INFINITE_RECURSION = YES;
				CLANG_WARN_INT_CONVERSION = YES;
				CLANG_WARN_NON_LITERAL_NULL_CONVERSION = YES;
				CLANG_WARN_OBJC_IMPLICIT_RETAIN_SELF = YES;
				CLANG_WARN_OBJC_LITERAL_CONVERSION = YES;
				CLANG_WARN_OBJC_ROOT_CLASS = YES_ERROR;
				CLANG_WARN_RANGE_LOOP_ANALYSIS = YES;
				CLANG_WARN_STRICT_PROTOTYPES = YES;
				CLANG_WARN_SUSPICIOUS_MOVE = YES;
				CLANG_WARN_UNREACHABLE_CODE = YES;
				CLANG_WARN__DUPLICATE_METHOD_MATCH = YES;
				"CODE_SIGN_IDENTITY[sdk=iphoneos*]" = "iPhone Developer";
				COPY_PHASE_STRIP = NO;
				DEBUG_INFORMATION_FORMAT = "dwarf-with-dsym";
				ENABLE_NS_ASSERTIONS = NO;
				ENABLE_STRICT_OBJC_MSGSEND = YES;
				GCC_C_LANGUAGE_STANDARD = gnu99;
				GCC_NO_COMMON_BLOCKS = YES;
				GCC_WARN_64_TO_32_BIT_CONVERSION = YES;
				GCC_WARN_ABOUT_RETURN_TYPE = YES_ERROR;
				GCC_WARN_UNDECLARED_SELECTOR = YES;
				GCC_WARN_UNINITIALIZED_AUTOS = YES_AGGRESSIVE;
				GCC_WARN_UNUSED_FUNCTION = YES;
				GCC_WARN_UNUSED_VARIABLE = YES;
				IPHONEOS_DEPLOYMENT_TARGET = 9.0;
				MTL_ENABLE_DEBUG_INFO = NO;
				SDKROOT = iphoneos;
				SWIFT_COMPILATION_MODE = wholemodule;
				SWIFT_VERSION = 4.0;
				TARGETED_DEVICE_FAMILY = "1,2";
				VALIDATE_PRODUCT = YES;
			};
			name = Release;
		};
		D80956671BA8B5D600DED40C /* Debug */ = {
			isa = XCBuildConfiguration;
			baseConfigurationReference = 4D5427782EFA3F84EE724F14 /* Pods-DLImageLoader Demo.debug.xcconfig */;
			buildSettings = {
				ASSETCATALOG_COMPILER_APPICON_NAME = AppIcon;
				INFOPLIST_FILE = "DLImageLoader Demo/Info.plist";
				LD_RUNPATH_SEARCH_PATHS = "$(inherited) @executable_path/Frameworks";
				PRODUCT_BUNDLE_IDENTIFIER = "com.lunevich.DLImageLoader-Demo";
				PRODUCT_NAME = "$(TARGET_NAME)";
				SWIFT_OBJC_INTERFACE_HEADER_NAME = "";
				SWIFT_VERSION = 5.0;
			};
			name = Debug;
		};
		D80956681BA8B5D600DED40C /* Release */ = {
			isa = XCBuildConfiguration;
			baseConfigurationReference = 8ED65C44CF557CC30A58018C /* Pods-DLImageLoader Demo.release.xcconfig */;
			buildSettings = {
				ASSETCATALOG_COMPILER_APPICON_NAME = AppIcon;
				INFOPLIST_FILE = "DLImageLoader Demo/Info.plist";
				LD_RUNPATH_SEARCH_PATHS = "$(inherited) @executable_path/Frameworks";
				PRODUCT_BUNDLE_IDENTIFIER = "com.lunevich.DLImageLoader-Demo";
				PRODUCT_NAME = "$(TARGET_NAME)";
				SWIFT_OBJC_INTERFACE_HEADER_NAME = "";
				SWIFT_VERSION = 5.0;
			};
			name = Release;
		};
/* End XCBuildConfiguration section */

/* Begin XCConfigurationList section */
		D809564F1BA8B5D600DED40C /* Build configuration list for PBXProject "DLImageLoader Demo" */ = {
			isa = XCConfigurationList;
			buildConfigurations = (
				D80956641BA8B5D600DED40C /* Debug */,
				D80956651BA8B5D600DED40C /* Release */,
			);
			defaultConfigurationIsVisible = 0;
			defaultConfigurationName = Release;
		};
		D80956661BA8B5D600DED40C /* Build configuration list for PBXNativeTarget "DLImageLoader Demo" */ = {
			isa = XCConfigurationList;
			buildConfigurations = (
				D80956671BA8B5D600DED40C /* Debug */,
				D80956681BA8B5D600DED40C /* Release */,
			);
			defaultConfigurationIsVisible = 0;
			defaultConfigurationName = Release;
		};
/* End XCConfigurationList section */
	};
	rootObject = D809564C1BA8B5D600DED40C /* Project object */;
}
